
Microsoft Visual Studio Solution File, Format Version 12.00
# Visual Studio Version 17
VisualStudioVersion = 17.9.34728.123
MinimumVisualStudioVersion = 10.0.40219.1
Project("{FAE04EC0-301F-11D3-BF4B-00C04F79EFBC}") = "ArendaSamokatov", "ArendaSamokatov\ArendaSamokatov.csproj", "{B78342BE-52AD-4FF4-B6D2-9BB28452C214}"
EndProject
Global
	GlobalSection(SolutionConfigurationPlatforms) = preSolution
		Debug|Any CPU = Debug|Any CPU
		Release|Any CPU = Release|Any CPU
	EndGlobalSection
	GlobalSection(ProjectConfigurationPlatforms) = postSolution
		{B78342BE-52AD-4FF4-B6D2-9BB28452C214}.Debug|Any CPU.ActiveCfg = Debug|Any CPU
		{B78342BE-52AD-4FF4-B6D2-9BB28452C214}.Debug|Any CPU.Build.0 = Debug|Any CPU
		{B78342BE-52AD-4FF4-B6D2-9BB28452C214}.Release|Any CPU.ActiveCfg = Release|Any CPU
		{B78342BE-52AD-4FF4-B6D2-9BB28452C214}.Release|Any CPU.Build.0 = Release|Any CPU
	EndGlobalSection
	GlobalSection(SolutionProperties) = preSolution
		HideSolutionNode = FALSE
	EndGlobalSection
	GlobalSection(ExtensibilityGlobals) = postSolution
		SolutionGuid = {FB0456CB-E8DB-4AAB-AF85-8B82EE2C021A}
	EndGlobalSection
EndGlobal
